
Microsoft Visual Studio Solution File, Format Version 12.00
# Visual Studio Version 17
VisualStudioVersion = 17.5.002.0
MinimumVisualStudioVersion = 10.0.40219.1
Project("{9A19103F-16F7-4668-BE54-9A1E7A4F7556}") = "ControllerAPI", "ControllerAPI.csproj", "{9D2AFB4F-4ABE-41FC-8760-C6D7156E87AD}"
EndProject
Global
	GlobalSection(SolutionConfigurationPlatforms) = preSolution
		Debug|Any CPU = Debug|Any CPU
		Release|Any CPU = Release|Any CPU
	EndGlobalSection
	GlobalSection(ProjectConfigurationPlatforms) = postSolution
		{9D2AFB4F-4ABE-41FC-8760-C6D7156E87AD}.Debug|Any CPU.ActiveCfg = Debug|Any CPU
		{9D2AFB4F-4ABE-41FC-8760-C6D7156E87AD}.Debug|Any CPU.Build.0 = Debug|Any CPU
		{9D2AFB4F-4ABE-41FC-8760-C6D7156E87AD}.Release|Any CPU.ActiveCfg = Release|Any CPU
		{9D2AFB4F-4ABE-41FC-8760-C6D7156E87AD}.Release|Any CPU.Build.0 = Release|Any CPU
	EndGlobalSection
	GlobalSection(SolutionProperties) = preSolution
		HideSolutionNode = FALSE
	EndGlobalSection
	GlobalSection(ExtensibilityGlobals) = postSolution
		SolutionGuid = {59C0949A-F30E-4DFD-817B-5D75152E7C48}
	EndGlobalSection
EndGlobal
